
Microsoft Visual Studio Solution File, Format Version 12.00
# Visual Studio Version 16
VisualStudioVersion = 16.0.32428.217
MinimumVisualStudioVersion = 10.0.40219.1
Project("{FAE04EC0-301F-11D3-BF4B-00C04F79EFBC}") = "CRUD_operation_Ravindra_Deokar", "CRUD_operation_Ravindra_Deokar\CRUD_operation_Ravindra_Deokar.csproj", "{7D02A944-6D4B-4481-95BB-59022C20F43D}"
EndProject
Global
	GlobalSection(SolutionConfigurationPlatforms) = preSolution
		Debug|Any CPU = Debug|Any CPU
		Release|Any CPU = Release|Any CPU
	EndGlobalSection
	GlobalSection(ProjectConfigurationPlatforms) = postSolution
		{7D02A944-6D4B-4481-95BB-59022C20F43D}.Debug|Any CPU.ActiveCfg = Debug|Any CPU
		{7D02A944-6D4B-4481-95BB-59022C20F43D}.Debug|Any CPU.Build.0 = Debug|Any CPU
		{7D02A944-6D4B-4481-95BB-59022C20F43D}.Release|Any CPU.ActiveCfg = Release|Any CPU
		{7D02A944-6D4B-4481-95BB-59022C20F43D}.Release|Any CPU.Build.0 = Release|Any CPU
	EndGlobalSection
	GlobalSection(SolutionProperties) = preSolution
		HideSolutionNode = FALSE
	EndGlobalSection
	GlobalSection(ExtensibilityGlobals) = postSolution
		SolutionGuid = {F7E17B0D-9902-45D8-9F7A-6A87397D6B30}
	EndGlobalSection
EndGlobal
